
Microsoft Visual Studio Solution File, Format Version 12.00
# Visual Studio Version 17
VisualStudioVersion = 17.0.31606.5
MinimumVisualStudioVersion = 10.0.40219.1
Project("{FAE04EC0-301F-11D3-BF4B-00C04F79EFBC}") = "BlazorServerApp", "BlazorServerApp\BlazorServerApp.csproj", "{14E63CCF-59B9-43F1-8CE8-24678AC42A10}"
EndProject
Project("{FAE04EC0-301F-11D3-BF4B-00C04F79EFBC}") = "APIService", "APIService\APIService.csproj", "{F8C3CC11-86D4-4452-8956-52BAAF179C23}"
EndProject
Project("{FAE04EC0-301F-11D3-BF4B-00C04F79EFBC}") = "Data-Sharing", "Data-Sharing\Data-Sharing.csproj", "{98F0A63C-184C-496D-A889-1E8638CFC9A6}"
EndProject
Global
	GlobalSection(SolutionConfigurationPlatforms) = preSolution
		Debug|Any CPU = Debug|Any CPU
		Release|Any CPU = Release|Any CPU
	EndGlobalSection
	GlobalSection(ProjectConfigurationPlatforms) = postSolution
		{14E63CCF-59B9-43F1-8CE8-24678AC42A10}.Debug|Any CPU.ActiveCfg = Debug|Any CPU
		{14E63CCF-59B9-43F1-8CE8-24678AC42A10}.Debug|Any CPU.Build.0 = Debug|Any CPU
		{14E63CCF-59B9-43F1-8CE8-24678AC42A10}.Release|Any CPU.ActiveCfg = Release|Any CPU
		{14E63CCF-59B9-43F1-8CE8-24678AC42A10}.Release|Any CPU.Build.0 = Release|Any CPU
		{F8C3CC11-86D4-4452-8956-52BAAF179C23}.Debug|Any CPU.ActiveCfg = Debug|Any CPU
		{F8C3CC11-86D4-4452-8956-52BAAF179C23}.Debug|Any CPU.Build.0 = Debug|Any CPU
		{F8C3CC11-86D4-4452-8956-52BAAF179C23}.Release|Any CPU.ActiveCfg = Release|Any CPU
		{F8C3CC11-86D4-4452-8956-52BAAF179C23}.Release|Any CPU.Build.0 = Release|Any CPU
		{98F0A63C-184C-496D-A889-1E8638CFC9A6}.Debug|Any CPU.ActiveCfg = Debug|Any CPU
		{98F0A63C-184C-496D-A889-1E8638CFC9A6}.Debug|Any CPU.Build.0 = Debug|Any CPU
		{98F0A63C-184C-496D-A889-1E8638CFC9A6}.Release|Any CPU.ActiveCfg = Release|Any CPU
		{98F0A63C-184C-496D-A889-1E8638CFC9A6}.Release|Any CPU.Build.0 = Release|Any CPU
	EndGlobalSection
	GlobalSection(SolutionProperties) = preSolution
		HideSolutionNode = FALSE
	EndGlobalSection
	GlobalSection(ExtensibilityGlobals) = postSolution
		SolutionGuid = {4F7255AD-4665-484F-A174-E76466DA0BA4}
	EndGlobalSection
EndGlobal
